
Microsoft Visual Studio Solution File, Format Version 12.00
# Visual Studio Version 17
VisualStudioVersion = 17.7.34024.191
MinimumVisualStudioVersion = 10.0.40219.1
Project("{9A19103F-16F7-4668-BE54-9A1E7A4F7556}") = "HelloWorld", "HelloWorld\HelloWorld.csproj", "{9714DCB0-38DF-4A9F-89AE-9668AAD2D62D}"
EndProject
Project("{9A19103F-16F7-4668-BE54-9A1E7A4F7556}") = "DataTypesApp", "DataTypesApp\DataTypesApp.csproj", "{A2291676-C1BC-46A3-9894-0089C07B96AD}"
EndProject
Project("{9A19103F-16F7-4668-BE54-9A1E7A4F7556}") = "NullableApp", "NullableApp\NullableApp.csproj", "{DB4854E7-6473-4CAA-9DA2-AB300FD29DA4}"
EndProject
Project("{9A19103F-16F7-4668-BE54-9A1E7A4F7556}") = "ReadApp", "ReadApp\ReadApp.csproj", "{69AF450C-7486-452D-B8C1-E6FC0042A151}"
EndProject
Project("{9A19103F-16F7-4668-BE54-9A1E7A4F7556}") = "TypecastApp", "TypecastApp\TypecastApp.csproj", "{E40BF09F-AEF6-49EA-9B3D-180BE70D52E6}"
EndProject
Project("{9A19103F-16F7-4668-BE54-9A1E7A4F7556}") = "ExpressionsApp", "ExpressionsApp\ExpressionsApp.csproj", "{BA8EA42A-FC51-460A-8ACE-B5FB271D5EEF}"
EndProject
Project("{9A19103F-16F7-4668-BE54-9A1E7A4F7556}") = "EurosToDollarsApp", "EurosToDollarsApp\EurosToDollarsApp.csproj", "{17A2715F-7D81-4ABA-8B07-F8FE99C4BE06}"
EndProject
Project("{9A19103F-16F7-4668-BE54-9A1E7A4F7556}") = "GradesApp", "GradesApp\GradesApp.csproj", "{90364C30-CC48-4F16-BCCD-C61ED1424750}"
EndProject
Project("{9A19103F-16F7-4668-BE54-9A1E7A4F7556}") = "IgnorePositivesApp", "IgnorePositivesApp\IgnorePositivesApp.csproj", "{A583BBAA-2C16-461C-A97E-E748DA9D28E4}"
EndProject
Project("{9A19103F-16F7-4668-BE54-9A1E7A4F7556}") = "CharsApp", "CharsApp\CharsApp.csproj", "{E4876D43-09C9-4746-85FE-8DBE2832A16D}"
EndProject
Project("{9A19103F-16F7-4668-BE54-9A1E7A4F7556}") = "ProductApp", "ProductApp\ProductApp.csproj", "{12D41086-42D5-4311-B3DF-40ED7883026D}"
EndProject
Project("{9A19103F-16F7-4668-BE54-9A1E7A4F7556}") = "DigitsCountApp", "DigitsCountApp\DigitsCountApp.csproj", "{E0E2D1E9-DA8E-4D36-A2BD-EA607B203B8C}"
EndProject
Project("{9A19103F-16F7-4668-BE54-9A1E7A4F7556}") = "ExceptionApp", "ExceptionApp\ExceptionApp.csproj", "{BA2C3312-A7C7-417D-BE9B-D84DD4991421}"
EndProject
Project("{9A19103F-16F7-4668-BE54-9A1E7A4F7556}") = "ForApp", "ForApp\ForApp.csproj", "{2F3D238B-F094-4B64-A613-47CE70DDB517}"
EndProject
Project("{9A19103F-16F7-4668-BE54-9A1E7A4F7556}") = "PowerApp", "PowerApp\PowerApp.csproj", "{76780DC5-477A-4104-BBE4-CB85CC5F94C3}"
EndProject
Project("{9A19103F-16F7-4668-BE54-9A1E7A4F7556}") = "SwitchApp", "SwitchApp\SwitchApp.csproj", "{A2D4DCE2-81F4-4C0D-925B-508F5E042E2E}"
EndProject
Project("{9A19103F-16F7-4668-BE54-9A1E7A4F7556}") = "SwitchFallThroughApp", "SwitchFallThroughApp\SwitchFallThroughApp.csproj", "{C1D262AB-077F-4F99-9DA1-4D1E4E4CF338}"
EndProject
Project("{9A19103F-16F7-4668-BE54-9A1E7A4F7556}") = "ArraysApp", "ArraysApp\ArraysApp.csproj", "{309336F0-C1C9-47C3-BA21-979AD4194C3C}"
EndProject
Project("{9A19103F-16F7-4668-BE54-9A1E7A4F7556}") = "ArrayMinApp", "ArrayMinApp\ArrayMinApp.csproj", "{97141482-131D-4FAE-B0A0-48E696FCF36F}"
EndProject
Project("{9A19103F-16F7-4668-BE54-9A1E7A4F7556}") = "SelectionSortApp", "SelectionSortApp\SelectionSortApp.csproj", "{DAFC31EB-6288-4A86-BA6B-E59F7CD41451}"
EndProject
Project("{9A19103F-16F7-4668-BE54-9A1E7A4F7556}") = "SymmetricArrayApp", "SymmetricArrayApp\SymmetricArrayApp.csproj", "{3BD710EE-1DA1-49F0-BFC6-038511FEE908}"
EndProject
Project("{9A19103F-16F7-4668-BE54-9A1E7A4F7556}") = "TwoDimArr", "TwoDimArr\TwoDimArr.csproj", "{520508DD-1C8A-40D9-9EC1-CF281966C709}"
EndProject
Project("{9A19103F-16F7-4668-BE54-9A1E7A4F7556}") = "ArrayUtilApp", "ArrayUtilApp\ArrayUtilApp.csproj", "{BA67D374-E1A7-4A85-B39A-0033193CB8A7}"
EndProject
Project("{9A19103F-16F7-4668-BE54-9A1E7A4F7556}") = "StringsApp", "StringsApp\StringsApp.csproj", "{144AD700-98AA-4290-80F4-DE21DCF33F02}"
EndProject
Project("{9A19103F-16F7-4668-BE54-9A1E7A4F7556}") = "StringBuilderApp", "StringBuilderApp\StringBuilderApp.csproj", "{E0479ED6-A0B7-414C-9978-3D78072A4119}"
EndProject
Project("{9A19103F-16F7-4668-BE54-9A1E7A4F7556}") = "ArgsApp", "ArgsApp\ArgsApp.csproj", "{3CE22F91-77C1-46CE-A74E-E10A4FE722EF}"
EndProject
Project("{9A19103F-16F7-4668-BE54-9A1E7A4F7556}") = "RegExApp", "RegExApp\RegExApp.csproj", "{79C8DD76-05E2-4B86-ADDE-03B4508A167B}"
EndProject
Project("{9A19103F-16F7-4668-BE54-9A1E7A4F7556}") = "FactorialApp", "FactorialApp\FactorialApp.csproj", "{CFB20124-52CA-4FFC-80F1-BC983D7904A5}"
EndProject
Project("{9A19103F-16F7-4668-BE54-9A1E7A4F7556}") = "SwapApp", "SwapApp\SwapApp.csproj", "{087F41D8-AD6E-4676-B097-D288490ED066}"
EndProject
Project("{9A19103F-16F7-4668-BE54-9A1E7A4F7556}") = "OverloadingApp", "OverloadingApp\OverloadingApp.csproj", "{4136962E-12DB-4FBA-A810-365BE51D749B}"
EndProject
Project("{9A19103F-16F7-4668-BE54-9A1E7A4F7556}") = "Fibo", "Fibo\Fibo.csproj", "{BE3CC736-F58B-40D0-A541-CFB639BB2099}"
EndProject
Project("{9A19103F-16F7-4668-BE54-9A1E7A4F7556}") = "PrimeNumbersApp", "PrimeNumbersApp\PrimeNumbersApp.csproj", "{015855EA-2614-4064-A36F-1E3F610A1BC3}"
EndProject
Project("{9A19103F-16F7-4668-BE54-9A1E7A4F7556}") = "ClassesApp", "ClassesApp\ClassesApp.csproj", "{FFECF4BA-7C26-4249-A30E-E934311BE4FB}"
EndProject
Project("{9A19103F-16F7-4668-BE54-9A1E7A4F7556}") = "AccountApp", "AccountApp\AccountApp.csproj", "{998ABE90-90CC-4E40-A2AB-0E0FA601254C}"
EndProject
Project("{9A19103F-16F7-4668-BE54-9A1E7A4F7556}") = "InheritApp", "InheritApp\InheritApp.csproj", "{D285474D-FE9D-4576-BFC6-9BB0F3F536F8}"
EndProject
Project("{FAE04EC0-301F-11D3-BF4B-00C04F79EFBC}") = "ShallowDeepCopyApp", "ShallowDeepCopyApp\ShallowDeepCopyApp.csproj", "{F858ADA0-44AE-4EF3-B12A-42C3CA7641F6}"
EndProject
Project("{FAE04EC0-301F-11D3-BF4B-00C04F79EFBC}") = "FractionApp", "FractionApp\FractionApp.csproj", "{CCC5C909-A9F3-4904-B0A9-33432709116D}"
EndProject
Project("{FAE04EC0-301F-11D3-BF4B-00C04F79EFBC}") = "InterfacesApp", "InterfacesApp\InterfacesApp.csproj", "{2F689CF1-5FBF-4D27-AB89-F2650CBD63E8}"
EndProject
Global
	GlobalSection(SolutionConfigurationPlatforms) = preSolution
		Debug|Any CPU = Debug|Any CPU
		Release|Any CPU = Release|Any CPU
	EndGlobalSection
	GlobalSection(ProjectConfigurationPlatforms) = postSolution
		{9714DCB0-38DF-4A9F-89AE-9668AAD2D62D}.Debug|Any CPU.ActiveCfg = Debug|Any CPU
		{9714DCB0-38DF-4A9F-89AE-9668AAD2D62D}.Debug|Any CPU.Build.0 = Debug|Any CPU
		{9714DCB0-38DF-4A9F-89AE-9668AAD2D62D}.Release|Any CPU.ActiveCfg = Release|Any CPU
		{9714DCB0-38DF-4A9F-89AE-9668AAD2D62D}.Release|Any CPU.Build.0 = Release|Any CPU
		{A2291676-C1BC-46A3-9894-0089C07B96AD}.Debug|Any CPU.ActiveCfg = Debug|Any CPU
		{A2291676-C1BC-46A3-9894-0089C07B96AD}.Debug|Any CPU.Build.0 = Debug|Any CPU
		{A2291676-C1BC-46A3-9894-0089C07B96AD}.Release|Any CPU.ActiveCfg = Release|Any CPU
		{A2291676-C1BC-46A3-9894-0089C07B96AD}.Release|Any CPU.Build.0 = Release|Any CPU
		{DB4854E7-6473-4CAA-9DA2-AB300FD29DA4}.Debug|Any CPU.ActiveCfg = Debug|Any CPU
		{DB4854E7-6473-4CAA-9DA2-AB300FD29DA4}.Debug|Any CPU.Build.0 = Debug|Any CPU
		{DB4854E7-6473-4CAA-9DA2-AB300FD29DA4}.Release|Any CPU.ActiveCfg = Release|Any CPU
		{DB4854E7-6473-4CAA-9DA2-AB300FD29DA4}.Release|Any CPU.Build.0 = Release|Any CPU
		{69AF450C-7486-452D-B8C1-E6FC0042A151}.Debug|Any CPU.ActiveCfg = Debug|Any CPU
		{69AF450C-7486-452D-B8C1-E6FC0042A151}.Debug|Any CPU.Build.0 = Debug|Any CPU
		{69AF450C-7486-452D-B8C1-E6FC0042A151}.Release|Any CPU.ActiveCfg = Release|Any CPU
		{69AF450C-7486-452D-B8C1-E6FC0042A151}.Release|Any CPU.Build.0 = Release|Any CPU
		{E40BF09F-AEF6-49EA-9B3D-180BE70D52E6}.Debug|Any CPU.ActiveCfg = Debug|Any CPU
		{E40BF09F-AEF6-49EA-9B3D-180BE70D52E6}.Debug|Any CPU.Build.0 = Debug|Any CPU
		{E40BF09F-AEF6-49EA-9B3D-180BE70D52E6}.Release|Any CPU.ActiveCfg = Release|Any CPU
		{E40BF09F-AEF6-49EA-9B3D-180BE70D52E6}.Release|Any CPU.Build.0 = Release|Any CPU
		{BA8EA42A-FC51-460A-8ACE-B5FB271D5EEF}.Debug|Any CPU.ActiveCfg = Debug|Any CPU
		{BA8EA42A-FC51-460A-8ACE-B5FB271D5EEF}.Debug|Any CPU.Build.0 = Debug|Any CPU
		{BA8EA42A-FC51-460A-8ACE-B5FB271D5EEF}.Release|Any CPU.ActiveCfg = Release|Any CPU
		{BA8EA42A-FC51-460A-8ACE-B5FB271D5EEF}.Release|Any CPU.Build.0 = Release|Any CPU
		{17A2715F-7D81-4ABA-8B07-F8FE99C4BE06}.Debug|Any CPU.ActiveCfg = Debug|Any CPU
		{17A2715F-7D81-4ABA-8B07-F8FE99C4BE06}.Debug|Any CPU.Build.0 = Debug|Any CPU
		{17A2715F-7D81-4ABA-8B07-F8FE99C4BE06}.Release|Any CPU.ActiveCfg = Release|Any CPU
		{17A2715F-7D81-4ABA-8B07-F8FE99C4BE06}.Release|Any CPU.Build.0 = Release|Any CPU
		{90364C30-CC48-4F16-BCCD-C61ED1424750}.Debug|Any CPU.ActiveCfg = Debug|Any CPU
		{90364C30-CC48-4F16-BCCD-C61ED1424750}.Debug|Any CPU.Build.0 = Debug|Any CPU
		{90364C30-CC48-4F16-BCCD-C61ED1424750}.Release|Any CPU.ActiveCfg = Release|Any CPU
		{90364C30-CC48-4F16-BCCD-C61ED1424750}.Release|Any CPU.Build.0 = Release|Any CPU
		{A583BBAA-2C16-461C-A97E-E748DA9D28E4}.Debug|Any CPU.ActiveCfg = Debug|Any CPU
		{A583BBAA-2C16-461C-A97E-E748DA9D28E4}.Debug|Any CPU.Build.0 = Debug|Any CPU
		{A583BBAA-2C16-461C-A97E-E748DA9D28E4}.Release|Any CPU.ActiveCfg = Release|Any CPU
		{A583BBAA-2C16-461C-A97E-E748DA9D28E4}.Release|Any CPU.Build.0 = Release|Any CPU
		{E4876D43-09C9-4746-85FE-8DBE2832A16D}.Debug|Any CPU.ActiveCfg = Debug|Any CPU
		{E4876D43-09C9-4746-85FE-8DBE2832A16D}.Debug|Any CPU.Build.0 = Debug|Any CPU
		{E4876D43-09C9-4746-85FE-8DBE2832A16D}.Release|Any CPU.ActiveCfg = Release|Any CPU
		{E4876D43-09C9-4746-85FE-8DBE2832A16D}.Release|Any CPU.Build.0 = Release|Any CPU
		{12D41086-42D5-4311-B3DF-40ED7883026D}.Debug|Any CPU.ActiveCfg = Debug|Any CPU
		{12D41086-42D5-4311-B3DF-40ED7883026D}.Debug|Any CPU.Build.0 = Debug|Any CPU
		{12D41086-42D5-4311-B3DF-40ED7883026D}.Release|Any CPU.ActiveCfg = Release|Any CPU
		{12D41086-42D5-4311-B3DF-40ED7883026D}.Release|Any CPU.Build.0 = Release|Any CPU
		{E0E2D1E9-DA8E-4D36-A2BD-EA607B203B8C}.Debug|Any CPU.ActiveCfg = Debug|Any CPU
		{E0E2D1E9-DA8E-4D36-A2BD-EA607B203B8C}.Debug|Any CPU.Build.0 = Debug|Any CPU
		{E0E2D1E9-DA8E-4D36-A2BD-EA607B203B8C}.Release|Any CPU.ActiveCfg = Release|Any CPU
		{E0E2D1E9-DA8E-4D36-A2BD-EA607B203B8C}.Release|Any CPU.Build.0 = Release|Any CPU
		{BA2C3312-A7C7-417D-BE9B-D84DD4991421}.Debug|Any CPU.ActiveCfg = Debug|Any CPU
		{BA2C3312-A7C7-417D-BE9B-D84DD4991421}.Debug|Any CPU.Build.0 = Debug|Any CPU
		{BA2C3312-A7C7-417D-BE9B-D84DD4991421}.Release|Any CPU.ActiveCfg = Release|Any CPU
		{BA2C3312-A7C7-417D-BE9B-D84DD4991421}.Release|Any CPU.Build.0 = Release|Any CPU
		{2F3D238B-F094-4B64-A613-47CE70DDB517}.Debug|Any CPU.ActiveCfg = Debug|Any CPU
		{2F3D238B-F094-4B64-A613-47CE70DDB517}.Debug|Any CPU.Build.0 = Debug|Any CPU
		{2F3D238B-F094-4B64-A613-47CE70DDB517}.Release|Any CPU.ActiveCfg = Release|Any CPU
		{2F3D238B-F094-4B64-A613-47CE70DDB517}.Release|Any CPU.Build.0 = Release|Any CPU
		{76780DC5-477A-4104-BBE4-CB85CC5F94C3}.Debug|Any CPU.ActiveCfg = Debug|Any CPU
		{76780DC5-477A-4104-BBE4-CB85CC5F94C3}.Debug|Any CPU.Build.0 = Debug|Any CPU
		{76780DC5-477A-4104-BBE4-CB85CC5F94C3}.Release|Any CPU.ActiveCfg = Release|Any CPU
		{76780DC5-477A-4104-BBE4-CB85CC5F94C3}.Release|Any CPU.Build.0 = Release|Any CPU
		{A2D4DCE2-81F4-4C0D-925B-508F5E042E2E}.Debug|Any CPU.ActiveCfg = Debug|Any CPU
		{A2D4DCE2-81F4-4C0D-925B-508F5E042E2E}.Debug|Any CPU.Build.0 = Debug|Any CPU
		{A2D4DCE2-81F4-4C0D-925B-508F5E042E2E}.Release|Any CPU.ActiveCfg = Release|Any CPU
		{A2D4DCE2-81F4-4C0D-925B-508F5E042E2E}.Release|Any CPU.Build.0 = Release|Any CPU
		{C1D262AB-077F-4F99-9DA1-4D1E4E4CF338}.Debug|Any CPU.ActiveCfg = Debug|Any CPU
		{C1D262AB-077F-4F99-9DA1-4D1E4E4CF338}.Debug|Any CPU.Build.0 = Debug|Any CPU
		{C1D262AB-077F-4F99-9DA1-4D1E4E4CF338}.Release|Any CPU.ActiveCfg = Release|Any CPU
		{C1D262AB-077F-4F99-9DA1-4D1E4E4CF338}.Release|Any CPU.Build.0 = Release|Any CPU
		{309336F0-C1C9-47C3-BA21-979AD4194C3C}.Debug|Any CPU.ActiveCfg = Debug|Any CPU
		{309336F0-C1C9-47C3-BA21-979AD4194C3C}.Debug|Any CPU.Build.0 = Debug|Any CPU
		{309336F0-C1C9-47C3-BA21-979AD4194C3C}.Release|Any CPU.ActiveCfg = Release|Any CPU
		{309336F0-C1C9-47C3-BA21-979AD4194C3C}.Release|Any CPU.Build.0 = Release|Any CPU
		{97141482-131D-4FAE-B0A0-48E696FCF36F}.Debug|Any CPU.ActiveCfg = Debug|Any CPU
		{97141482-131D-4FAE-B0A0-48E696FCF36F}.Debug|Any CPU.Build.0 = Debug|Any CPU
		{97141482-131D-4FAE-B0A0-48E696FCF36F}.Release|Any CPU.ActiveCfg = Release|Any CPU
		{97141482-131D-4FAE-B0A0-48E696FCF36F}.Release|Any CPU.Build.0 = Release|Any CPU
		{DAFC31EB-6288-4A86-BA6B-E59F7CD41451}.Debug|Any CPU.ActiveCfg = Debug|Any CPU
		{DAFC31EB-6288-4A86-BA6B-E59F7CD41451}.Debug|Any CPU.Build.0 = Debug|Any CPU
		{DAFC31EB-6288-4A86-BA6B-E59F7CD41451}.Release|Any CPU.ActiveCfg = Release|Any CPU
		{DAFC31EB-6288-4A86-BA6B-E59F7CD41451}.Release|Any CPU.Build.0 = Release|Any CPU
		{3BD710EE-1DA1-49F0-BFC6-038511FEE908}.Debug|Any CPU.ActiveCfg = Debug|Any CPU
		{3BD710EE-1DA1-49F0-BFC6-038511FEE908}.Debug|Any CPU.Build.0 = Debug|Any CPU
		{3BD710EE-1DA1-49F0-BFC6-038511FEE908}.Release|Any CPU.ActiveCfg = Release|Any CPU
		{3BD710EE-1DA1-49F0-BFC6-038511FEE908}.Release|Any CPU.Build.0 = Release|Any CPU
		{520508DD-1C8A-40D9-9EC1-CF281966C709}.Debug|Any CPU.ActiveCfg = Debug|Any CPU
		{520508DD-1C8A-40D9-9EC1-CF281966C709}.Debug|Any CPU.Build.0 = Debug|Any CPU
		{520508DD-1C8A-40D9-9EC1-CF281966C709}.Release|Any CPU.ActiveCfg = Release|Any CPU
		{520508DD-1C8A-40D9-9EC1-CF281966C709}.Release|Any CPU.Build.0 = Release|Any CPU
		{BA67D374-E1A7-4A85-B39A-0033193CB8A7}.Debug|Any CPU.ActiveCfg = Debug|Any CPU
		{BA67D374-E1A7-4A85-B39A-0033193CB8A7}.Debug|Any CPU.Build.0 = Debug|Any CPU
		{BA67D374-E1A7-4A85-B39A-0033193CB8A7}.Release|Any CPU.ActiveCfg = Release|Any CPU
		{BA67D374-E1A7-4A85-B39A-0033193CB8A7}.Release|Any CPU.Build.0 = Release|Any CPU
		{144AD700-98AA-4290-80F4-DE21DCF33F02}.Debug|Any CPU.ActiveCfg = Debug|Any CPU
		{144AD700-98AA-4290-80F4-DE21DCF33F02}.Debug|Any CPU.Build.0 = Debug|Any CPU
		{144AD700-98AA-4290-80F4-DE21DCF33F02}.Release|Any CPU.ActiveCfg = Release|Any CPU
		{144AD700-98AA-4290-80F4-DE21DCF33F02}.Release|Any CPU.Build.0 = Release|Any CPU
		{E0479ED6-A0B7-414C-9978-3D78072A4119}.Debug|Any CPU.ActiveCfg = Debug|Any CPU
		{E0479ED6-A0B7-414C-9978-3D78072A4119}.Debug|Any CPU.Build.0 = Debug|Any CPU
		{E0479ED6-A0B7-414C-9978-3D78072A4119}.Release|Any CPU.ActiveCfg = Release|Any CPU
		{E0479ED6-A0B7-414C-9978-3D78072A4119}.Release|Any CPU.Build.0 = Release|Any CPU
		{3CE22F91-77C1-46CE-A74E-E10A4FE722EF}.Debug|Any CPU.ActiveCfg = Debug|Any CPU
		{3CE22F91-77C1-46CE-A74E-E10A4FE722EF}.Debug|Any CPU.Build.0 = Debug|Any CPU
		{3CE22F91-77C1-46CE-A74E-E10A4FE722EF}.Release|Any CPU.ActiveCfg = Release|Any CPU
		{3CE22F91-77C1-46CE-A74E-E10A4FE722EF}.Release|Any CPU.Build.0 = Release|Any CPU
		{79C8DD76-05E2-4B86-ADDE-03B4508A167B}.Debug|Any CPU.ActiveCfg = Debug|Any CPU
		{79C8DD76-05E2-4B86-ADDE-03B4508A167B}.Debug|Any CPU.Build.0 = Debug|Any CPU
		{79C8DD76-05E2-4B86-ADDE-03B4508A167B}.Release|Any CPU.ActiveCfg = Release|Any CPU
		{79C8DD76-05E2-4B86-ADDE-03B4508A167B}.Release|Any CPU.Build.0 = Release|Any CPU
		{CFB20124-52CA-4FFC-80F1-BC983D7904A5}.Debug|Any CPU.ActiveCfg = Debug|Any CPU
		{CFB20124-52CA-4FFC-80F1-BC983D7904A5}.Debug|Any CPU.Build.0 = Debug|Any CPU
		{CFB20124-52CA-4FFC-80F1-BC983D7904A5}.Release|Any CPU.ActiveCfg = Release|Any CPU
		{CFB20124-52CA-4FFC-80F1-BC983D7904A5}.Release|Any CPU.Build.0 = Release|Any CPU
		{087F41D8-AD6E-4676-B097-D288490ED066}.Debug|Any CPU.ActiveCfg = Debug|Any CPU
		{087F41D8-AD6E-4676-B097-D288490ED066}.Debug|Any CPU.Build.0 = Debug|Any CPU
		{087F41D8-AD6E-4676-B097-D288490ED066}.Release|Any CPU.ActiveCfg = Release|Any CPU
		{087F41D8-AD6E-4676-B097-D288490ED066}.Release|Any CPU.Build.0 = Release|Any CPU
		{4136962E-12DB-4FBA-A810-365BE51D749B}.Debug|Any CPU.ActiveCfg = Debug|Any CPU
		{4136962E-12DB-4FBA-A810-365BE51D749B}.Debug|Any CPU.Build.0 = Debug|Any CPU
		{4136962E-12DB-4FBA-A810-365BE51D749B}.Release|Any CPU.ActiveCfg = Release|Any CPU
		{4136962E-12DB-4FBA-A810-365BE51D749B}.Release|Any CPU.Build.0 = Release|Any CPU
		{BE3CC736-F58B-40D0-A541-CFB639BB2099}.Debug|Any CPU.ActiveCfg = Debug|Any CPU
		{BE3CC736-F58B-40D0-A541-CFB639BB2099}.Debug|Any CPU.Build.0 = Debug|Any CPU
		{BE3CC736-F58B-40D0-A541-CFB639BB2099}.Release|Any CPU.ActiveCfg = Release|Any CPU
		{BE3CC736-F58B-40D0-A541-CFB639BB2099}.Release|Any CPU.Build.0 = Release|Any CPU
		{015855EA-2614-4064-A36F-1E3F610A1BC3}.Debug|Any CPU.ActiveCfg = Debug|Any CPU
		{015855EA-2614-4064-A36F-1E3F610A1BC3}.Debug|Any CPU.Build.0 = Debug|Any CPU
		{015855EA-2614-4064-A36F-1E3F610A1BC3}.Release|Any CPU.ActiveCfg = Release|Any CPU
		{015855EA-2614-4064-A36F-1E3F610A1BC3}.Release|Any CPU.Build.0 = Release|Any CPU
		{FFECF4BA-7C26-4249-A30E-E934311BE4FB}.Debug|Any CPU.ActiveCfg = Debug|Any CPU
		{FFECF4BA-7C26-4249-A30E-E934311BE4FB}.Debug|Any CPU.Build.0 = Debug|Any CPU
		{FFECF4BA-7C26-4249-A30E-E934311BE4FB}.Release|Any CPU.ActiveCfg = Release|Any CPU
		{FFECF4BA-7C26-4249-A30E-E934311BE4FB}.Release|Any CPU.Build.0 = Release|Any CPU
		{998ABE90-90CC-4E40-A2AB-0E0FA601254C}.Debug|Any CPU.ActiveCfg = Debug|Any CPU
		{998ABE90-90CC-4E40-A2AB-0E0FA601254C}.Debug|Any CPU.Build.0 = Debug|Any CPU
		{998ABE90-90CC-4E40-A2AB-0E0FA601254C}.Release|Any CPU.ActiveCfg = Release|Any CPU
		{998ABE90-90CC-4E40-A2AB-0E0FA601254C}.Release|Any CPU.Build.0 = Release|Any CPU
		{D285474D-FE9D-4576-BFC6-9BB0F3F536F8}.Debug|Any CPU.ActiveCfg = Debug|Any CPU
		{D285474D-FE9D-4576-BFC6-9BB0F3F536F8}.Debug|Any CPU.Build.0 = Debug|Any CPU
		{D285474D-FE9D-4576-BFC6-9BB0F3F536F8}.Release|Any CPU.ActiveCfg = Release|Any CPU
		{D285474D-FE9D-4576-BFC6-9BB0F3F536F8}.Release|Any CPU.Build.0 = Release|Any CPU
		{F858ADA0-44AE-4EF3-B12A-42C3CA7641F6}.Debug|Any CPU.ActiveCfg = Debug|Any CPU
		{F858ADA0-44AE-4EF3-B12A-42C3CA7641F6}.Debug|Any CPU.Build.0 = Debug|Any CPU
		{F858ADA0-44AE-4EF3-B12A-42C3CA7641F6}.Release|Any CPU.ActiveCfg = Release|Any CPU
		{F858ADA0-44AE-4EF3-B12A-42C3CA7641F6}.Release|Any CPU.Build.0 = Release|Any CPU
		{CCC5C909-A9F3-4904-B0A9-33432709116D}.Debug|Any CPU.ActiveCfg = Debug|Any CPU
		{CCC5C909-A9F3-4904-B0A9-33432709116D}.Debug|Any CPU.Build.0 = Debug|Any CPU
		{CCC5C909-A9F3-4904-B0A9-33432709116D}.Release|Any CPU.ActiveCfg = Release|Any CPU
		{CCC5C909-A9F3-4904-B0A9-33432709116D}.Release|Any CPU.Build.0 = Release|Any CPU
		{2F689CF1-5FBF-4D27-AB89-F2650CBD63E8}.Debug|Any CPU.ActiveCfg = Debug|Any CPU
		{2F689CF1-5FBF-4D27-AB89-F2650CBD63E8}.Debug|Any CPU.Build.0 = Debug|Any CPU
		{2F689CF1-5FBF-4D27-AB89-F2650CBD63E8}.Release|Any CPU.ActiveCfg = Release|Any CPU
		{2F689CF1-5FBF-4D27-AB89-F2650CBD63E8}.Release|Any CPU.Build.0 = Release|Any CPU
	EndGlobalSection
	GlobalSection(SolutionProperties) = preSolution
		HideSolutionNode = FALSE
	EndGlobalSection
	GlobalSection(ExtensibilityGlobals) = postSolution
		SolutionGuid = {7422F14E-24C7-4CF3-A762-C24B6C2190ED}
	EndGlobalSection
EndGlobal
